// !$*UTF8*$!
{
	archiveVersion = 1;
	classes = {
	};
	objectVersion = 77;
	objects = {

/* Begin PBXContainerItemProxy section */
		C87F0A2A2F1F5CAB006D7A4C /* PBXContainerItemProxy */ = {
			isa = PBXContainerItemProxy;
			containerPortal = C87F0A142F1F5CA9006D7A4C /* Project object */;
			proxyType = 1;
			remoteGlobalIDString = C87F0A1B2F1F5CA9006D7A4C;
			remoteInfo = Hussain_testapp;
		};
		C87F0A342F1F5CAB006D7A4C /* PBXContainerItemProxy */ = {
			isa = PBXContainerItemProxy;
			containerPortal = C87F0A142F1F5CA9006D7A4C /* Project object */;
			proxyType = 1;
			remoteGlobalIDString = C87F0A1B2F1F5CA9006D7A4C;
			remoteInfo = Hussain_testapp;
		};
/* End PBXContainerItemProxy section */

/* Begin PBXFileReference section */
		C87F0A1C2F1F5CA9006D7A4C /* Hussain_testapp.app */ = {isa = PBXFileReference; explicitFileType = wrapper.application; includeInIndex = 0; path = Hussain_testapp.app; sourceTree = BUILT_PRODUCTS_DIR; };
		C87F0A292F1F5CAB006D7A4C /* Hussain_testappTests.xctest */ = {isa = PBXFileReference; explicitFileType = wrapper.cfbundle; includeInIndex = 0; path = Hussain_testappTests.xctest; sourceTree = BUILT_PRODUCTS_DIR; };
		C87F0A332F1F5CAB006D7A4C /* Hussain_testappUITests.xctest */ = {isa = PBXFileReference; explicitFileType = wrapper.cfbundle; includeInIndex = 0; path = Hussain_testappUITests.xctest; sourceTree = BUILT_PRODUCTS_DIR; };
/* End PBXFileReference section */

/* Begin PBXFileSystemSynchronizedRootGroup section */
		C87F0A1E2F1F5CA9006D7A4C /* Hussain_testapp */ = {
			isa = PBXFileSystemSynchronizedRootGroup;
			path = Hussain_testapp;
			sourceTree = "<group>";
		};
		C87F0A2C2F1F5CAB006D7A4C /* Hussain_testappTests */ = {
			isa = PBXFileSystemSynchronizedRootGroup;
			path = Hussain_testappTests;
			sourceTree = "<group>";
		};
		C87F0A362F1F5CAB006D7A4C /* Hussain_testappUITests */ = {
			isa = PBXFileSystemSynchronizedRootGroup;
			path = Hussain_testappUITests;
			sourceTree = "<group>";
		};
/* End PBXFileSystemSynchronizedRootGroup section */

/* Begin PBXFrameworksBuildPhase section */
		C87F0A192F1F5CA9006D7A4C /* Frameworks */ = {
			isa = PBXFrameworksBuildPhase;
			buildActionMask = 2147483647;
			files = (
			);
			runOnlyForDeploymentPostprocessing = 0;
		};
		C87F0A262F1F5CAB006D7A4C /* Frameworks */ = {
			isa = PBXFrameworksBuildPhase;
			buildActionMask = 2147483647;
			files = (
			);
			runOnlyForDeploymentPostprocessing = 0;
		};
		C87F0A302F1F5CAB006D7A4C /* Frameworks */ = {
			isa = PBXFrameworksBuildPhase;
			buildActionMask = 2147483647;
			files = (
			);
			runOnlyForDeploymentPostprocessing = 0;
		};
/* End PBXFrameworksBuildPhase section */

/* Begin PBXGroup section */
		C87F0A132F1F5CA9006D7A4C = {
			isa = PBXGroup;
			children = (
				C87F0A1E2F1F5CA9006D7A4C /* Hussain_testapp */,
				C87F0A2C2F1F5CAB006D7A4C /* Hussain_testappTests */,
				C87F0A362F1F5CAB006D7A4C /* Hussain_testappUITests */,
				C87F0A1D2F1F5CA9006D7A4C /* Products */,
			);
			sourceTree = "<group>";
		};
		C87F0A1D2F1F5CA9006D7A4C /* Products */ = {
			isa = PBXGroup;
			children = (
				C87F0A1C2F1F5CA9006D7A4C /* Hussain_testapp.app */,
				C87F0A292F1F5CAB006D7A4C /* Hussain_testappTests.xctest */,
				C87F0A332F1F5CAB006D7A4C /* Hussain_testappUITests.xctest */,
			);
			name = Products;
			sourceTree = "<group>";
		};
/* End PBXGroup section */

/* Begin PBXNativeTarget section */
		C87F0A1B2F1F5CA9006D7A4C /* Hussain_testapp */ = {
			isa = PBXNativeTarget;
			buildConfigurationList = C87F0A3D2F1F5CAB006D7A4C /* Build configuration list for PBXNativeTarget "Hussain_testapp" */;
			buildPhases = (
				C87F0A182F1F5CA9006D7A4C /* Sources */,
				C87F0A192F1F5CA9006D7A4C /* Frameworks */,
				C87F0A1A2F1F5CA9006D7A4C /* Resources */,
			);
			buildRules = (
			);
			dependencies = (
			);
			fileSystemSynchronizedGroups = (
				C87F0A1E2F1F5CA9006D7A4C /* Hussain_testapp */,
			);
			name = Hussain_testapp;
			packageProductDependencies = (
			);
			productName = Hussain_testapp;
			productReference = C87F0A1C2F1F5CA9006D7A4C /* Hussain_testapp.app */;
			productType = "com.apple.product-type.application";
		};
		C87F0A282F1F5CAB006D7A4C /* Hussain_testappTests */ = {
			isa = PBXNativeTarget;
			buildConfigurationList = C87F0A402F1F5CAB006D7A4C /* Build configuration list for PBXNativeTarget "Hussain_testappTests" */;
			buildPhases = (
				C87F0A252F1F5CAB006D7A4C /* Sources */,
				C87F0A262F1F5CAB006D7A4C /* Frameworks */,
				C87F0A272F1F5CAB006D7A4C /* Resources */,
			);
			buildRules = (
			);
			dependencies = (
				C87F0A2B2F1F5CAB006D7A4C /* PBXTargetDependency */,
			);
			fileSystemSynchronizedGroups = (
				C87F0A2C2F1F5CAB006D7A4C /* Hussain_testappTests */,
			);
			name = Hussain_testappTests;
			packageProductDependencies = (
			);
			productName = Hussain_testappTests;
			productReference = C87F0A292F1F5CAB006D7A4C /* Hussain_testappTests.xctest */;
			productType = "com.apple.product-type.bundle.unit-test";
		};
		C87F0A322F1F5CAB006D7A4C /* Hussain_testappUITests */ = {
			isa = PBXNativeTarget;
			buildConfigurationList = C87F0A432F1F5CAB006D7A4C /* Build configuration list for PBXNativeTarget "Hussain_testappUITests" */;
			buildPhases = (
				C87F0A2F2F1F5CAB006D7A4C /* Sources */,
				C87F0A302F1F5CAB006D7A4C /* Frameworks */,
				C87F0A312F1F5CAB006D7A4C /* Resources */,
			);
			buildRules = (
			);
			dependencies = (
				C87F0A352F1F5CAB006D7A4C /* PBXTargetDependency */,
			);
			fileSystemSynchronizedGroups = (
				C87F0A362F1F5CAB006D7A4C /* Hussain_testappUITests */,
			);
			name = Hussain_testappUITests;
			packageProductDependencies = (
			);
			productName = Hussain_testappUITests;
			productReference = C87F0A332F1F5CAB006D7A4C /* Hussain_testappUITests.xctest */;
			productType = "com.apple.product-type.bundle.ui-testing";
		};
/* End PBXNativeTarget section */

/* Begin PBXProject section */
		C87F0A142F1F5CA9006D7A4C /* Project object */ = {
			isa = PBXProject;
			attributes = {
				BuildIndependentTargetsInParallel = 1;
				LastSwiftUpdateCheck = 2620;
				LastUpgradeCheck = 2620;
				TargetAttributes = {
					C87F0A1B2F1F5CA9006D7A4C = {
						CreatedOnToolsVersion = 26.2;
					};
					C87F0A282F1F5CAB006D7A4C = {
						CreatedOnToolsVersion = 26.2;
						TestTargetID = C87F0A1B2F1F5CA9006D7A4C;
					};
					C87F0A322F1F5CAB006D7A4C = {
						CreatedOnToolsVersion = 26.2;
						TestTargetID = C87F0A1B2F1F5CA9006D7A4C;
					};
				};
			};
			buildConfigurationList = C87F0A172F1F5CA9006D7A4C /* Build configuration list for PBXProject "Hussain_testapp" */;
			developmentRegion = en;
			hasScannedForEncodings = 0;
			knownRegions = (
				en,
				Base,
			);
			mainGroup = C87F0A132F1F5CA9006D7A4C;
			minimizedProjectReferenceProxies = 1;
			preferredProjectObjectVersion = 77;
			productRefGroup = C87F0A1D2F1F5CA9006D7A4C /* Products */;
			projectDirPath = "";
			projectRoot = "";
			targets = (
				C87F0A1B2F1F5CA9006D7A4C /* Hussain_testapp */,
				C87F0A282F1F5CAB006D7A4C /* Hussain_testappTests */,
				C87F0A322F1F5CAB006D7A4C /* Hussain_testappUITests */,
			);
		};
/* End PBXProject section */

/* Begin PBXResourcesBuildPhase section */
		C87F0A1A2F1F5CA9006D7A4C /* Resources */ = {
			isa = PBXResourcesBuildPhase;
			buildActionMask = 2147483647;
			files = (
			);
			runOnlyForDeploymentPostprocessing = 0;
		};
		C87F0A272F1F5CAB006D7A4C /* Resources */ = {
			isa = PBXResourcesBuildPhase;
			buildActionMask = 2147483647;
			files = (
			);
			runOnlyForDeploymentPostprocessing = 0;
		};
		C87F0A312F1F5CAB006D7A4C /* Resources */ = {
			isa = PBXResourcesBuildPhase;
			buildActionMask = 2147483647;
			files = (
			);
			runOnlyForDeploymentPostprocessing = 0;
		};
/* End PBXResourcesBuildPhase section */

/* Begin PBXSourcesBuildPhase section */
		C87F0A182F1F5CA9006D7A4C /* Sources */ = {
			isa = PBXSourcesBuildPhase;
			buildActionMask = 2147483647;
			files = (
			);
			runOnlyForDeploymentPostprocessing = 0;
		};
		C87F0A252F1F5CAB006D7A4C /* Sources */ = {
			isa = PBXSourcesBuildPhase;
			buildActionMask = 2147483647;
			files = (
			);
			runOnlyForDeploymentPostprocessing = 0;
		};
		C87F0A2F2F1F5CAB006D7A4C /* Sources */ = {
			isa = PBXSourcesBuildPhase;
			buildActionMask = 2147483647;
			files = (
			);
			runOnlyForDeploymentPostprocessing = 0;
		};
/* End PBXSourcesBuildPhase section */

/* Begin PBXTargetDependency section */
		C87F0A2B2F1F5CAB006D7A4C /* PBXTargetDependency */ = {
			isa = PBXTargetDependency;
			target = C87F0A1B2F1F5CA9006D7A4C /* Hussain_testapp */;
			targetProxy = C87F0A2A2F1F5CAB006D7A4C /* PBXContainerItemProxy */;
		};
		C87F0A352F1F5CAB006D7A4C /* PBXTargetDependency */ = {
			isa = PBXTargetDependency;
			target = C87F0A1B2F1F5CA9006D7A4C /* Hussain_testapp */;
			targetProxy = C87F0A342F1F5CAB006D7A4C /* PBXContainerItemProxy */;
		};
/* End PBXTargetDependency section */

/* Begin XCBuildConfiguration section */
		C87F0A3B2F1F5CAB006D7A4C /* Debug */ = {
			isa = XCBuildConfiguration;
			buildSettings = {
				ALWAYS_SEARCH_USER_PATHS = NO;
				ASSETCATALOG_COMPILER_GENERATE_SWIFT_ASSET_SYMBOL_EXTENSIONS = YES;
				CLANG_ANALYZER_NONNULL = YES;
				CLANG_ANALYZER_NUMBER_OBJECT_CONVERSION = YES_AGGRESSIVE;
				CLANG_CXX_LANGUAGE_STANDARD = "gnu++20";
				CLANG_ENABLE_MODULES = YES;
				CLANG_ENABLE_OBJC_ARC = YES;
				CLANG_ENABLE_OBJC_WEAK = YES;
				CLANG_WARN_BLOCK_CAPTURE_AUTORELEASING = YES;
				CLANG_WARN_BOOL_CONVERSION = YES;
				CLANG_WARN_COMMA = YES;
				CLANG_WARN_CONSTANT_CONVERSION = YES;
				CLANG_WARN_DEPRECATED_OBJC_IMPLEMENTATIONS = YES;
				CLANG_WARN_DIRECT_OBJC_ISA_USAGE = YES_ERROR;
				CLANG_WARN_DOCUMENTATION_COMMENTS = YES;
				CLANG_WARN_EMPTY_BODY = YES;
				CLANG_WARN_ENUM_CONVERSION = YES;
				CLANG_WARN_INFINITE_RECURSION = YES;
				CLANG_WARN_INT_CONVERSION = YES;
				CLANG_WARN_NON_LITERAL_NULL_CONVERSION = YES;
				CLANG_WARN_OBJC_IMPLICIT_RETAIN_SELF = YES;
				CLANG_WARN_OBJC_LITERAL_CONVERSION = YES;
				CLANG_WARN_OBJC_ROOT_CLASS = YES_ERROR;
				CLANG_WARN_QUOTED_INCLUDE_IN_FRAMEWORK_HEADER = YES;
				CLANG_WARN_RANGE_LOOP_ANALYSIS = YES;
				CLANG_WARN_STRICT_PROTOTYPES = YES;
				CLANG_WARN_SUSPICIOUS_MOVE = YES;
				CLANG_WARN_UNGUARDED_AVAILABILITY = YES_AGGRESSIVE;
				CLANG_WARN_UNREACHABLE_CODE = YES;
				CLANG_WARN__DUPLICATE_METHOD_MATCH = YES;
				COPY_PHASE_STRIP = NO;
				DEBUG_INFORMATION_FORMAT = dwarf;
				ENABLE_STRICT_OBJC_MSGSEND = YES;
				ENABLE_TESTABILITY = YES;
				ENABLE_USER_SCRIPT_SANDBOXING = YES;
				GCC_C_LANGUAGE_STANDARD = gnu17;
				GCC_DYNAMIC_NO_PIC = NO;
				GCC_NO_COMMON_BLOCKS = YES;
				GCC_OPTIMIZATION_LEVEL = 0;
				GCC_PREPROCESSOR_DEFINITIONS = (
					"DEBUG=1",
					"$(inherited)",
				);
				GCC_WARN_64_TO_32_BIT_CONVERSION = YES;
				GCC_WARN_ABOUT_RETURN_TYPE = YES_ERROR;
				GCC_WARN_UNDECLARED_SELECTOR = YES;
				GCC_WARN_UNINITIALIZED_AUTOS = YES_AGGRESSIVE;
				GCC_WARN_UNUSED_FUNCTION = YES;
				GCC_WARN_UNUSED_VARIABLE = YES;
				IPHONEOS_DEPLOYMENT_TARGET = 26.2;
				LOCALIZATION_PREFERS_STRING_CATALOGS = YES;
				MTL_ENABLE_DEBUG_INFO = INCLUDE_SOURCE;
				MTL_FAST_MATH = YES;
				ONLY_ACTIVE_ARCH = YES;
				SDKROOT = iphoneos;
				SWIFT_ACTIVE_COMPILATION_CONDITIONS = "DEBUG $(inherited)";
				SWIFT_OPTIMIZATION_LEVEL = "-Onone";
			};
			name = Debug;
		};
		C87F0A3C2F1F5CAB006D7A4C /* Release */ = {
			isa = XCBuildConfiguration;
			buildSettings = {
				ALWAYS_SEARCH_USER_PATHS = NO;
				ASSETCATALOG_COMPILER_GENERATE_SWIFT_ASSET_SYMBOL_EXTENSIONS = YES;
				CLANG_ANALYZER_NONNULL = YES;
				CLANG_ANALYZER_NUMBER_OBJECT_CONVERSION = YES_AGGRESSIVE;
				CLANG_CXX_LANGUAGE_STANDARD = "gnu++20";
				CLANG_ENABLE_MODULES = YES;
				CLANG_ENABLE_OBJC_ARC = YES;
				CLANG_ENABLE_OBJC_WEAK = YES;
				CLANG_WARN_BLOCK_CAPTURE_AUTORELEASING = YES;
				CLANG_WARN_BOOL_CONVERSION = YES;
				CLANG_WARN_COMMA = YES;
				CLANG_WARN_CONSTANT_CONVERSION = YES;
				CLANG_WARN_DEPRECATED_OBJC_IMPLEMENTATIONS = YES;
				CLANG_WARN_DIRECT_OBJC_ISA_USAGE = YES_ERROR;
				CLANG_WARN_DOCUMENTATION_COMMENTS = YES;
				CLANG_WARN_EMPTY_BODY = YES;
				CLANG_WARN_ENUM_CONVERSION = YES;
				CLANG_WARN_INFINITE_RECURSION = YES;
				CLANG_WARN_INT_CONVERSION = YES;
				CLANG_WARN_NON_LITERAL_NULL_CONVERSION = YES;
				CLANG_WARN_OBJC_IMPLICIT_RETAIN_SELF = YES;
				CLANG_WARN_OBJC_LITERAL_CONVERSION = YES;
				CLANG_WARN_OBJC_ROOT_CLASS = YES_ERROR;
				CLANG_WARN_QUOTED_INCLUDE_IN_FRAMEWORK_HEADER = YES;
				CLANG_WARN_RANGE_LOOP_ANALYSIS = YES;
				CLANG_WARN_STRICT_PROTOTYPES = YES;
				CLANG_WARN_SUSPICIOUS_MOVE = YES;
				CLANG_WARN_UNGUARDED_AVAILABILITY = YES_AGGRESSIVE;
				CLANG_WARN_UNREACHABLE_CODE = YES;
				CLANG_WARN__DUPLICATE_METHOD_MATCH = YES;
				COPY_PHASE_STRIP = NO;
				DEBUG_INFORMATION_FORMAT = "dwarf-with-dsym";
				ENABLE_NS_ASSERTIONS = NO;
				ENABLE_STRICT_OBJC_MSGSEND = YES;
				ENABLE_USER_SCRIPT_SANDBOXING = YES;
				GCC_C_LANGUAGE_STANDARD = gnu17;
				GCC_NO_COMMON_BLOCKS = YES;
				GCC_WARN_64_TO_32_BIT_CONVERSION = YES;
				GCC_WARN_ABOUT_RETURN_TYPE = YES_ERROR;
				GCC_WARN_UNDECLARED_SELECTOR = YES;
				GCC_WARN_UNINITIALIZED_AUTOS = YES_AGGRESSIVE;
				GCC_WARN_UNUSED_FUNCTION = YES;
				GCC_WARN_UNUSED_VARIABLE = YES;
				IPHONEOS_DEPLOYMENT_TARGET = 26.2;
				LOCALIZATION_PREFERS_STRING_CATALOGS = YES;
				MTL_ENABLE_DEBUG_INFO = NO;
				MTL_FAST_MATH = YES;
				SDKROOT = iphoneos;
				SWIFT_COMPILATION_MODE = wholemodule;
				VALIDATE_PRODUCT = YES;
			};
			name = Release;
		};
		C87F0A3E2F1F5CAB006D7A4C /* Debug */ = {
			isa = XCBuildConfiguration;
			buildSettings = {
				ASSETCATALOG_COMPILER_APPICON_NAME = AppIcon;
				ASSETCATALOG_COMPILER_GLOBAL_ACCENT_COLOR_NAME = AccentColor;
				CODE_SIGN_STYLE = Automatic;
				CURRENT_PROJECT_VERSION = 1;
				ENABLE_PREVIEWS = YES;
				GENERATE_INFOPLIST_FILE = YES;
				INFOPLIST_KEY_UIApplicationSceneManifest_Generation = YES;
				INFOPLIST_KEY_UIApplicationSupportsIndirectInputEvents = YES;
				INFOPLIST_KEY_UILaunchScreen_Generation = YES;
				INFOPLIST_KEY_UISupportedInterfaceOrientations_iPad = "UIInterfaceOrientationPortrait UIInterfaceOrientationPortraitUpsideDown UIInterfaceOrientationLandscapeLeft UIInterfaceOrientationLandscapeRight";
				INFOPLIST_KEY_UISupportedInterfaceOrientations_iPhone = "UIInterfaceOrientationPortrait UIInterfaceOrientationLandscapeLeft UIInterfaceOrientationLandscapeRight";
				LD_RUNPATH_SEARCH_PATHS = (
					"$(inherited)",
					"@executable_path/Frameworks",
				);
				MARKETING_VERSION = 1.0;
				PRODUCT_BUNDLE_IDENTIFIER = "test.Hussain-testapp";
				PRODUCT_NAME = "$(TARGET_NAME)";
				STRING_CATALOG_GENERATE_SYMBOLS = YES;
				SWIFT_APPROACHABLE_CONCURRENCY = YES;
				SWIFT_DEFAULT_ACTOR_ISOLATION = MainActor;
				SWIFT_EMIT_LOC_STRINGS = YES;
				SWIFT_UPCOMING_FEATURE_MEMBER_IMPORT_VISIBILITY = YES;
				SWIFT_VERSION = 5.0;
				TARGETED_DEVICE_FAMILY = "1,2";
			};
			name = Debug;
		};
		C87F0A3F2F1F5CAB006D7A4C /* Release */ = {
			isa = XCBuildConfiguration;
			buildSettings = {
				ASSETCATALOG_COMPILER_APPICON_NAME = AppIcon;
				ASSETCATALOG_COMPILER_GLOBAL_ACCENT_COLOR_NAME = AccentColor;
				CODE_SIGN_STYLE = Automatic;
				CURRENT_PROJECT_VERSION = 1;
				ENABLE_PREVIEWS = YES;
				GENERATE_INFOPLIST_FILE = YES;
				INFOPLIST_KEY_UIApplicationSceneManifest_Generation = YES;
				INFOPLIST_KEY_UIApplicationSupportsIndirectInputEvents = YES;
				INFOPLIST_KEY_UILaunchScreen_Generation = YES;
				INFOPLIST_KEY_UISupportedInterfaceOrientations_iPad = "UIInterfaceOrientationPortrait UIInterfaceOrientationPortraitUpsideDown UIInterfaceOrientationLandscapeLeft UIInterfaceOrientationLandscapeRight";
				INFOPLIST_KEY_UISupportedInterfaceOrientations_iPhone = "UIInterfaceOrientationPortrait UIInterfaceOrientationLandscapeLeft UIInterfaceOrientationLandscapeRight";
				LD_RUNPATH_SEARCH_PATHS = (
					"$(inherited)",
					"@executable_path/Frameworks",
				);
				MARKETING_VERSION = 1.0;
				PRODUCT_BUNDLE_IDENTIFIER = "test.Hussain-testapp";
				PRODUCT_NAME = "$(TARGET_NAME)";
				STRING_CATALOG_GENERATE_SYMBOLS = YES;
				SWIFT_APPROACHABLE_CONCURRENCY = YES;
				SWIFT_DEFAULT_ACTOR_ISOLATION = MainActor;
				SWIFT_EMIT_LOC_STRINGS = YES;
				SWIFT_UPCOMING_FEATURE_MEMBER_IMPORT_VISIBILITY = YES;
				SWIFT_VERSION = 5.0;
				TARGETED_DEVICE_FAMILY = "1,2";
			};
			name = Release;
		};
		C87F0A412F1F5CAB006D7A4C /* Debug */ = {
			isa = XCBuildConfiguration;
			buildSettings = {
				BUNDLE_LOADER = "$(TEST_HOST)";
				CODE_SIGN_STYLE = Automatic;
				CURRENT_PROJECT_VERSION = 1;
				GENERATE_INFOPLIST_FILE = YES;
				IPHONEOS_DEPLOYMENT_TARGET = 26.2;
				MARKETING_VERSION = 1.0;
				PRODUCT_BUNDLE_IDENTIFIER = "test.Hussain-testappTests";
				PRODUCT_NAME = "$(TARGET_NAME)";
				STRING_CATALOG_GENERATE_SYMBOLS = NO;
				SWIFT_APPROACHABLE_CONCURRENCY = YES;
				SWIFT_EMIT_LOC_STRINGS = NO;
				SWIFT_UPCOMING_FEATURE_MEMBER_IMPORT_VISIBILITY = YES;
				SWIFT_VERSION = 5.0;
				TARGETED_DEVICE_FAMILY = "1,2";
				TEST_HOST = "$(BUILT_PRODUCTS_DIR)/Hussain_testapp.app/$(BUNDLE_EXECUTABLE_FOLDER_PATH)/Hussain_testapp";
			};
			name = Debug;
		};
		C87F0A422F1F5CAB006D7A4C /* Release */ = {
			isa = XCBuildConfiguration;
			buildSettings = {
				BUNDLE_LOADER = "$(TEST_HOST)";
				CODE_SIGN_STYLE = Automatic;
				CURRENT_PROJECT_VERSION = 1;
				GENERATE_INFOPLIST_FILE = YES;
				IPHONEOS_DEPLOYMENT_TARGET = 26.2;
				MARKETING_VERSION = 1.0;
				PRODUCT_BUNDLE_IDENTIFIER = "test.Hussain-testappTests";
				PRODUCT_NAME = "$(TARGET_NAME)";
				STRING_CATALOG_GENERATE_SYMBOLS = NO;
				SWIFT_APPROACHABLE_CONCURRENCY = YES;
				SWIFT_EMIT_LOC_STRINGS = NO;
				SWIFT_UPCOMING_FEATURE_MEMBER_IMPORT_VISIBILITY = YES;
				SWIFT_VERSION = 5.0;
				TARGETED_DEVICE_FAMILY = "1,2";
				TEST_HOST = "$(BUILT_PRODUCTS_DIR)/Hussain_testapp.app/$(BUNDLE_EXECUTABLE_FOLDER_PATH)/Hussain_testapp";
			};
			name = Release;
		};
		C87F0A442F1F5CAB006D7A4C /* Debug */ = {
			isa = XCBuildConfiguration;
			buildSettings = {
				CODE_SIGN_STYLE = Automatic;
				CURRENT_PROJECT_VERSION = 1;
				GENERATE_INFOPLIST_FILE = YES;
				MARKETING_VERSION = 1.0;
				PRODUCT_BUNDLE_IDENTIFIER = "test.Hussain-testappUITests";
				PRODUCT_NAME = "$(TARGET_NAME)";
				STRING_CATALOG_GENERATE_SYMBOLS = NO;
				SWIFT_APPROACHABLE_CONCURRENCY = YES;
				SWIFT_EMIT_LOC_STRINGS = NO;
				SWIFT_UPCOMING_FEATURE_MEMBER_IMPORT_VISIBILITY = YES;
				SWIFT_VERSION = 5.0;
				TARGETED_DEVICE_FAMILY = "1,2";
				TEST_TARGET_NAME = Hussain_testapp;
			};
			name = Debug;
		};
		C87F0A452F1F5CAB006D7A4C /* Release */ = {
			isa = XCBuildConfiguration;
			buildSettings = {
				CODE_SIGN_STYLE = Automatic;
				CURRENT_PROJECT_VERSION = 1;
				GENERATE_INFOPLIST_FILE = YES;
				MARKETING_VERSION = 1.0;
				PRODUCT_BUNDLE_IDENTIFIER = "test.Hussain-testappUITests";
				PRODUCT_NAME = "$(TARGET_NAME)";
				STRING_CATALOG_GENERATE_SYMBOLS = NO;
				SWIFT_APPROACHABLE_CONCURRENCY = YES;
				SWIFT_EMIT_LOC_STRINGS = NO;
				SWIFT_UPCOMING_FEATURE_MEMBER_IMPORT_VISIBILITY = YES;
				SWIFT_VERSION = 5.0;
				TARGETED_DEVICE_FAMILY = "1,2";
				TEST_TARGET_NAME = Hussain_testapp;
			};
			name = Release;
		};
/* End XCBuildConfiguration section */

/* Begin XCConfigurationList section */
		C87F0A172F1F5CA9006D7A4C /* Build configuration list for PBXProject "Hussain_testapp" */ = {
			isa = XCConfigurationList;
			buildConfigurations = (
				C87F0A3B2F1F5CAB006D7A4C /* Debug */,
				C87F0A3C2F1F5CAB006D7A4C /* Release */,
			);
			defaultConfigurationIsVisible = 0;
			defaultConfigurationName = Release;
		};
		C87F0A3D2F1F5CAB006D7A4C /* Build configuration list for PBXNativeTarget "Hussain_testapp" */ = {
			isa = XCConfigurationList;
			buildConfigurations = (
				C87F0A3E2F1F5CAB006D7A4C /* Debug */,
				C87F0A3F2F1F5CAB006D7A4C /* Release */,
			);
			defaultConfigurationIsVisible = 0;
			defaultConfigurationName = Release;
		};
		C87F0A402F1F5CAB006D7A4C /* Build configuration list for PBXNativeTarget "Hussain_testappTests" */ = {
			isa = XCConfigurationList;
			buildConfigurations = (
				C87F0A412F1F5CAB006D7A4C /* Debug */,
				C87F0A422F1F5CAB006D7A4C /* Release */,
			);
			defaultConfigurationIsVisible = 0;
			defaultConfigurationName = Release;
		};
		C87F0A432F1F5CAB006D7A4C /* Build configuration list for PBXNativeTarget "Hussain_testappUITests" */ = {
			isa = XCConfigurationList;
			buildConfigurations = (
				C87F0A442F1F5CAB006D7A4C /* Debug */,
				C87F0A452F1F5CAB006D7A4C /* Release */,
			);
			defaultConfigurationIsVisible = 0;
			defaultConfigurationName = Release;
		};
/* End XCConfigurationList section */
	};
	rootObject = C87F0A142F1F5CA9006D7A4C /* Project object */;
}
